# This file is automatically @generated by Poetry 2.1.1 and should not be changed by hand.

[[package]]
name = "slack-sdk"
version = "3.35.0"
description = "The Slack API Platform SDK for Python"
optional = false
python-versions = ">=3.6"
groups = ["main"]
files = [
    {file = "slack_sdk-3.35.0-py2.py3-none-any.whl", hash = "sha256:00933d171fbd8a068b321ebb5f89612cc781d3183d8e3447c85499eca9d865be"},
    {file = "slack_sdk-3.35.0.tar.gz", hash = "sha256:8183b6cbf26a0c1e2441478cd9c0dc4eef08d60c1394cfdc9a769e309a9b6459"},
]

[package.extras]
optional = ["SQLAlchemy (>=1.4,<3)", "aiodns (>1.0)", "aiohttp (>=3.7.3,<4)", "boto3 (<=2)", "websocket-client (>=1,<2)", "websockets (>=9.1,<16)"]

[metadata]
lock-version = "2.1"
python-versions = ">=3.11"
content-hash = "b5ace62600c8043931ccd09ae05d77ac2c06dc7edea125657533061a27e3fd6e"
